{
    "name": "gh-jira",
    "version": "2.0.0",
    "lockfileVersion": 1,
    "requires": true,
    "dependencies": {
        "@oclif/config": {
            "version": "1.13.0",
            "resolved": "https://registry.npmjs.org/@oclif/config/-/config-1.13.0.tgz",
            "integrity": "sha512-ttb4l85q7SBx+WlUJY4A9eXLgv4i7hGDNGaXnY9fDKrYD7PBMwNOQ3Ssn2YT2yARAjyOxVE/5LfcwhQGq4kzqg==",
            "requires": {
                "debug": "^4.1.1",
                "tslib": "^1.9.3"
            }
        },
        "debug": {
            "version": "4.1.1",
            "resolved": "https://registry.npmjs.org/debug/-/debug-4.1.1.tgz",
            "integrity": "sha512-pYAIzeRo8J6KPEaJ0VWOh5Pzkbw/RetuzehGM7QRRX5he4fPHx2rdKMB256ehJCkX+XRQm16eZLqLNS8RSZXZw==",
            "requires": {
                "ms": "^2.1.1"
            }
        },
        "inquirer": {
            "version": "0.11.4",
            "resolved": "https://registry.npmjs.org/inquirer/-/inquirer-0.11.4.tgz",
            "integrity": "sha1-geM3ToNhvq/y2XAWIG01nQsy+k0=",
            "requires": {
                "ansi-escapes": "^1.1.0",
                "ansi-regex": "^2.0.0",
                "chalk": "^1.0.0",
                "cli-cursor": "^1.0.1",
                "cli-width": "^1.0.1",
                "figures": "^1.3.5",
                "lodash": "^3.3.1",
                "readline2": "^1.0.1",
                "run-async": "^0.1.0",
                "rx-lite": "^3.1.2",
                "string-width": "^1.0.1",
                "strip-ansi": "^3.0.0",
                "through": "^2.3.6"
            },
            "dependencies": {
                "ansi-escapes": {
                    "version": "1.4.0",
                    "resolved": "https://registry.npmjs.org/ansi-escapes/-/ansi-escapes-1.4.0.tgz",
                    "integrity": "sha1-06ioOzGapneTZisT52HHkRQiMG4="
                },
                "ansi-regex": {
                    "version": "2.1.1",
                    "resolved": "https://registry.npmjs.org/ansi-regex/-/ansi-regex-2.1.1.tgz",
                    "integrity": "sha1-w7M6te42DYbg5ijwRorn7yfWVN8="
                },
                "ansi-styles": {
                    "version": "2.2.1",
                    "resolved": "https://registry.npmjs.org/ansi-styles/-/ansi-styles-2.2.1.tgz",
                    "integrity": "sha1-tDLdM1i2NM914eRmQ2gkBTPB3b4="
                },
                "chalk": {
                    "version": "1.1.3",
                    "resolved": "https://registry.npmjs.org/chalk/-/chalk-1.1.3.tgz",
                    "integrity": "sha1-qBFcVeSnAv5NFQq9OHKCKn4J/Jg=",
                    "requires": {
                        "ansi-styles": "^2.2.1",
                        "escape-string-regexp": "^1.0.2",
                        "has-ansi": "^2.0.0",
                        "strip-ansi": "^3.0.0",
                        "supports-color": "^2.0.0"
                    }
                },
                "cli-cursor": {
                    "version": "1.0.2",
                    "resolved": "https://registry.npmjs.org/cli-cursor/-/cli-cursor-1.0.2.tgz",
                    "integrity": "sha1-ZNo/fValRBLll5S9Ytw1KV6PKYc=",
                    "requires": {
                        "restore-cursor": "^1.0.1"
                    }
                },
                "cli-width": {
                    "version": "1.1.1",
                    "resolved": "https://registry.npmjs.org/cli-width/-/cli-width-1.1.1.tgz",
                    "integrity": "sha1-pNKT72frt7iNSk1CwMzwDE0eNm0="
                },
                "code-point-at": {
                    "version": "1.1.0",
                    "resolved": "https://registry.npmjs.org/code-point-at/-/code-point-at-1.1.0.tgz",
                    "integrity": "sha1-DQcLTQQ6W+ozovGkDi7bPZpMz3c="
                },
                "escape-string-regexp": {
                    "version": "1.0.5",
                    "resolved": "https://registry.npmjs.org/escape-string-regexp/-/escape-string-regexp-1.0.5.tgz",
                    "integrity": "sha1-G2HAViGQqN/2rjuyzwIAyhMLhtQ="
                },
                "exit-hook": {
                    "version": "1.1.1",
                    "resolved": "https://registry.npmjs.org/exit-hook/-/exit-hook-1.1.1.tgz",
                    "integrity": "sha1-8FyiM7SMBdVP/wd2XfhQfpXAL/g="
                },
                "figures": {
                    "version": "1.7.0",
                    "resolved": "https://registry.npmjs.org/figures/-/figures-1.7.0.tgz",
                    "integrity": "sha1-y+Hjr/zxzUS4DK3+0o3Hk6lwHS4=",
                    "requires": {
                        "escape-string-regexp": "^1.0.5",
                        "object-assign": "^4.1.0"
                    }
                },
                "has-ansi": {
                    "version": "2.0.0",
                    "resolved": "https://registry.npmjs.org/has-ansi/-/has-ansi-2.0.0.tgz",
                    "integrity": "sha1-NPUEnOHs3ysGSa8+8k5F7TVBbZE=",
                    "requires": {
                        "ansi-regex": "^2.0.0"
                    }
                },
                "is-fullwidth-code-point": {
                    "version": "1.0.0",
                    "resolved": "https://registry.npmjs.org/is-fullwidth-code-point/-/is-fullwidth-code-point-1.0.0.tgz",
                    "integrity": "sha1-754xOG8DGn8NZDr4L95QxFfvAMs=",
                    "requires": {
                        "number-is-nan": "^1.0.0"
                    }
                },
                "mute-stream": {
                    "version": "0.0.5",
                    "resolved": "https://registry.npmjs.org/mute-stream/-/mute-stream-0.0.5.tgz",
                    "integrity": "sha1-j7+rsKmKJT0xhDMfno3rc3L6xsA="
                },
                "number-is-nan": {
                    "version": "1.0.1",
                    "resolved": "https://registry.npmjs.org/number-is-nan/-/number-is-nan-1.0.1.tgz",
                    "integrity": "sha1-CXtgK1NCKlIsGvuHkDGDNpQaAR0="
                },
                "object-assign": {
                    "version": "4.1.1",
                    "resolved": "https://registry.npmjs.org/object-assign/-/object-assign-4.1.1.tgz",
                    "integrity": "sha1-IQmtx5ZYh8/AXLvUQsrIv7s2CGM="
                },
                "once": {
                    "version": "1.4.0",
                    "resolved": "https://registry.npmjs.org/once/-/once-1.4.0.tgz",
                    "integrity": "sha1-WDsap3WWHUsROsF9nFC6753Xa9E=",
                    "requires": {
                        "wrappy": "1"
                    }
                },
                "onetime": {
                    "version": "1.1.0",
                    "resolved": "https://registry.npmjs.org/onetime/-/onetime-1.1.0.tgz",
                    "integrity": "sha1-ofeDj4MUxRbwXs78vEzP4EtO14k="
                },
                "readline2": {
                    "version": "1.0.1",
                    "resolved": "https://registry.npmjs.org/readline2/-/readline2-1.0.1.tgz",
                    "integrity": "sha1-QQWWCP/BVHV7cV2ZidGZ/783LjU=",
                    "requires": {
                        "code-point-at": "^1.0.0",
                        "is-fullwidth-code-point": "^1.0.0",
                        "mute-stream": "0.0.5"
                    }
                },
                "restore-cursor": {
                    "version": "1.0.1",
                    "resolved": "https://registry.npmjs.org/restore-cursor/-/restore-cursor-1.0.1.tgz",
                    "integrity": "sha1-NGYfRohjJ/7SmRR5FSJS35LapUE=",
                    "requires": {
                        "exit-hook": "^1.0.0",
                        "onetime": "^1.0.0"
                    }
                },
                "run-async": {
                    "version": "0.1.0",
                    "resolved": "https://registry.npmjs.org/run-async/-/run-async-0.1.0.tgz",
                    "integrity": "sha1-yK1KXhEGYeQCp9IbUw4AnyX444k=",
                    "requires": {
                        "once": "^1.3.0"
                    }
                },
                "rx-lite": {
                    "version": "3.1.2",
                    "resolved": "https://registry.npmjs.org/rx-lite/-/rx-lite-3.1.2.tgz",
                    "integrity": "sha1-Gc5QLKVyZl87ZHsQk5+X/RYV8QI="
                },
                "string-width": {
                    "version": "1.0.2",
                    "resolved": "https://registry.npmjs.org/string-width/-/string-width-1.0.2.tgz",
                    "integrity": "sha1-EYvfW4zcUaKn5w0hHgfisLmxB9M=",
                    "requires": {
                        "code-point-at": "^1.0.0",
                        "is-fullwidth-code-point": "^1.0.0",
                        "strip-ansi": "^3.0.0"
                    }
                },
                "strip-ansi": {
                    "version": "3.0.1",
                    "resolved": "https://registry.npmjs.org/strip-ansi/-/strip-ansi-3.0.1.tgz",
                    "integrity": "sha1-ajhfuIU9lS1f8F0Oiq+UJ43GPc8=",
                    "requires": {
                        "ansi-regex": "^2.0.0"
                    }
                },
                "supports-color": {
                    "version": "2.0.0",
                    "resolved": "https://registry.npmjs.org/supports-color/-/supports-color-2.0.0.tgz",
                    "integrity": "sha1-U10EXOa2Nj+kARcIRimZXp3zJMc="
                },
                "through": {
                    "version": "2.3.8",
                    "resolved": "https://registry.npmjs.org/through/-/through-2.3.8.tgz",
                    "integrity": "sha1-DdTJ/6q8NXlgsbckEV1+Doai4fU="
                },
                "wrappy": {
                    "version": "1.0.2",
                    "resolved": "https://registry.npmjs.org/wrappy/-/wrappy-1.0.2.tgz",
                    "integrity": "sha1-tSQ9jz7BqjXxNkYFvA0QNuMKtp8="
                }
            }
        },
        "lodash": {
            "version": "3.10.1",
            "resolved": "https://registry.npmjs.org/lodash/-/lodash-3.10.1.tgz",
            "integrity": "sha1-W/Rejkm6QYnhfUgnid/RW9FAt7Y="
        },
        "ms": {
            "version": "2.1.2",
            "resolved": "https://registry.npmjs.org/ms/-/ms-2.1.2.tgz",
            "integrity": "sha512-sGkPx+VjMtmA6MX27oA4FBFELFCZZ4S4XqeGOXCv68tT+jb3vk/RyaKWP0PTKyWtmLSM0b+adUTEvbs1PEaH2w=="
        },
        "opn": {
            "version": "5.5.0",
            "resolved": "https://registry.npmjs.org/opn/-/opn-5.5.0.tgz",
            "integrity": "sha512-PqHpggC9bLV0VeWcdKhkpxY+3JTzetLSqTCWL/z/tFIbI6G8JCjondXklT1JinczLz2Xib62sSp0T/gKT4KksA==",
            "requires": {
                "is-wsl": "^1.1.0"
            },
            "dependencies": {
                "is-wsl": {
                    "version": "1.1.0",
                    "resolved": "https://registry.npmjs.org/is-wsl/-/is-wsl-1.1.0.tgz",
                    "integrity": "sha1-HxbkqiKwTRM2tmGIpmrzxgDDpm0="
                }
            }
        },
        "tslib": {
            "version": "1.10.0",
            "resolved": "https://registry.npmjs.org/tslib/-/tslib-1.10.0.tgz",
            "integrity": "sha512-qOebF53frne81cf0S9B41ByenJ3/IuH8yJKngAX35CmiZySA0khhkovshKK+jGCaMnVomla7gVlIcc3EvKPbTQ=="
        }
    }
}
