{
	"name": "nodegh-io",
	"requires": true,
	"lockfileVersion": 1,
	"dependencies": {
		"bootstrap": {
			"version": "3.3.7",
			"resolved": "https://registry.npmjs.org/bootstrap/-/bootstrap-3.3.7.tgz",
			"integrity": "sha1-WjiTlFSfIzMIdaOxUGVldPip63E=",
			"dev": true
		},
		"bootstrap-sass": {
			"version": "3.3.7",
			"resolved": "https://registry.npmjs.org/bootstrap-sass/-/bootstrap-sass-3.3.7.tgz",
			"integrity": "sha1-ZZbHq0D2Y3OTMjqwvIDQZPxjBJg=",
			"dev": true
		},
		"electric-base-components": {
			"version": "2.0.4",
			"resolved": "https://registry.npmjs.org/electric-base-components/-/electric-base-components-2.0.4.tgz",
			"integrity": "sha512-JV9a4TbDcZ6CGMQuVQQA7AdEAfduVWrze5t3B0/356ksAZgo7kNB2JY9gnfZKuy0UrPXTPo5MrkR3Ncf+5aaTw==",
			"dev": true,
			"requires": {
				"metal-affix": "2.0.0",
				"metal-ajax": "2.1.1",
				"metal-autocomplete": "2.1.0",
				"metal-clipboard": "2.0.0",
				"metal-reading-progress": "2.0.0",
				"metal-tabs": "2.3.1",
				"metal-toggler": "2.3.0",
				"metal-tooltip": "2.0.3"
			}
		},
		"electric-marble-components": {
			"version": "2.0.1",
			"resolved": "https://registry.npmjs.org/electric-marble-components/-/electric-marble-components-2.0.1.tgz",
			"integrity": "sha512-HnMAyFcf2aVNY+y7rAUOK/0A2dIM5GZntubsCl3bIsfWH0upzKlEjjMJgYR/gxUoKuvJOi82+6REFFUBS2b9Rw==",
			"dev": true,
			"requires": {
				"electric-base-components": "2.0.4"
			}
		},
		"incremental-dom": {
			"version": "0.5.1",
			"resolved": "https://registry.npmjs.org/incremental-dom/-/incremental-dom-0.5.1.tgz",
			"integrity": "sha1-UvRTnD6e7nzREqbaBS+3Fi/vsMM=",
			"dev": true
		},
		"incremental-dom-string": {
			"version": "0.0.2",
			"resolved": "https://registry.npmjs.org/incremental-dom-string/-/incremental-dom-string-0.0.2.tgz",
			"integrity": "sha512-vh6cTsw+fQNljhNg3/iDuawNjk79CS1sEqucal1DJY+aco/Mgpi+xjkUFMED41f6nzu1V0ialfC84wcW9nqZ2w==",
			"dev": true
		},
		"marble": {
			"version": "2.12.7",
			"resolved": "https://registry.npmjs.org/marble/-/marble-2.12.7.tgz",
			"integrity": "sha512-Y5j5zn5xxdVntLF7FBbLY0C6plgP2BQY3I5Sb7SgDCXRceY6PdRWBZZ9NQSfPbCoSYePt+rZH0OjUTUwWBsMHQ==",
			"dev": true,
			"requires": {
				"bootstrap-sass": "3.3.7",
				"mathsass": "0.9.5"
			}
		},
		"mathsass": {
			"version": "0.9.5",
			"resolved": "https://registry.npmjs.org/mathsass/-/mathsass-0.9.5.tgz",
			"integrity": "sha1-pj6+AiFx6vguPVe18q09aH40ej4=",
			"dev": true
		},
		"metal": {
			"version": "2.16.2",
			"resolved": "https://registry.npmjs.org/metal/-/metal-2.16.2.tgz",
			"integrity": "sha512-Kv1RvP/0x1Cc191xEj+THqHsUmPdiw2yy/s6tT046kEGxjiOAt5rVLxlN5wYcFfQbckPBYOtgdu7ipZYNWe4hg==",
			"dev": true
		},
		"metal-affix": {
			"version": "2.0.0",
			"resolved": "https://registry.npmjs.org/metal-affix/-/metal-affix-2.0.0.tgz",
			"integrity": "sha1-FsTZFKYn0VIyoid2aRvyqxsM3jc=",
			"dev": true,
			"requires": {
				"metal": "2.16.2",
				"metal-dom": "2.16.2",
				"metal-events": "2.16.2",
				"metal-position": "2.1.0",
				"metal-state": "2.16.2"
			}
		},
		"metal-ajax": {
			"version": "2.1.1",
			"resolved": "https://registry.npmjs.org/metal-ajax/-/metal-ajax-2.1.1.tgz",
			"integrity": "sha512-r61ku32uivdaBd3joWrTiGV2kyG9Nvpt4gq4Npo/9MDWj2Tcm4xk2PZ7iKpIAF88JD4dwW+etjgK5Il3SzC9+g==",
			"dev": true,
			"requires": {
				"metal": "2.16.2",
				"metal-promise": "2.0.1",
				"metal-uri": "2.4.0"
			}
		},
		"metal-autocomplete": {
			"version": "2.1.0",
			"resolved": "https://registry.npmjs.org/metal-autocomplete/-/metal-autocomplete-2.1.0.tgz",
			"integrity": "sha1-G1BD6BFfUSnqmzlRGLSNn+WqyzA=",
			"dev": true,
			"requires": {
				"bootstrap": "3.3.7",
				"metal": "2.16.2",
				"metal-component": "2.16.3",
				"metal-debounce": "2.0.0",
				"metal-dom": "2.16.2",
				"metal-events": "2.16.2",
				"metal-list": "2.0.4",
				"metal-position": "2.1.0",
				"metal-promise": "2.0.1",
				"metal-soy": "2.16.4"
			}
		},
		"metal-clipboard": {
			"version": "2.0.0",
			"resolved": "https://registry.npmjs.org/metal-clipboard/-/metal-clipboard-2.0.0.tgz",
			"integrity": "sha1-wMmWova4H4QZfIbQ4iuBxmBe5fA=",
			"dev": true,
			"requires": {
				"metal": "2.16.2",
				"metal-dom": "2.16.2",
				"metal-state": "2.16.2"
			}
		},
		"metal-component": {
			"version": "2.16.3",
			"resolved": "https://registry.npmjs.org/metal-component/-/metal-component-2.16.3.tgz",
			"integrity": "sha512-4Di1EOSkUD/UeOEeN5n0iwDZKibqn7p4NjbCmr/9sXCEdB4ZGehLBVkqcctu2UbRh5yLALAHkKFnPBQe9BUmRw==",
			"dev": true,
			"requires": {
				"metal": "2.16.2",
				"metal-dom": "2.16.2",
				"metal-events": "2.16.2",
				"metal-state": "2.16.2"
			}
		},
		"metal-debounce": {
			"version": "2.0.0",
			"resolved": "https://registry.npmjs.org/metal-debounce/-/metal-debounce-2.0.0.tgz",
			"integrity": "sha1-JM9lmo94hKWepDGeIQc0KT2U8K0=",
			"dev": true
		},
		"metal-dom": {
			"version": "2.16.2",
			"resolved": "https://registry.npmjs.org/metal-dom/-/metal-dom-2.16.2.tgz",
			"integrity": "sha512-6X7V5/fG/I0acaVSBj2qwDetwz5enDwLG+GGBb9eu18b0Nb1RPi98w9JqxDu3HdhYrnapag/yhHIlV5623/cAw==",
			"dev": true,
			"requires": {
				"metal": "2.16.2",
				"metal-events": "2.16.2"
			}
		},
		"metal-events": {
			"version": "2.16.2",
			"resolved": "https://registry.npmjs.org/metal-events/-/metal-events-2.16.2.tgz",
			"integrity": "sha512-4zql7lInXWz2vTuRDzlRcX5k8rXoGqMMvOlyPHr5ibR8vak5VJZ5KXjU49vC4E9OmqFOKOrNrsGUtLD2q9JoTQ==",
			"dev": true,
			"requires": {
				"metal": "2.16.2"
			}
		},
		"metal-incremental-dom": {
			"version": "2.16.4",
			"resolved": "https://registry.npmjs.org/metal-incremental-dom/-/metal-incremental-dom-2.16.4.tgz",
			"integrity": "sha512-Cg9o53OsngmY7CHoo2xvIQSM0vOVQ394lV3mNUbPUsT0zYRe0iS8PujGKATTdc509DD6OasofGw8i9xRF0XuAQ==",
			"dev": true,
			"requires": {
				"incremental-dom": "0.5.1",
				"incremental-dom-string": "0.0.2",
				"metal": "2.16.2",
				"metal-component": "2.16.3",
				"metal-dom": "2.16.2"
			}
		},
		"metal-keyboard-focus": {
			"version": "2.0.1",
			"resolved": "https://registry.npmjs.org/metal-keyboard-focus/-/metal-keyboard-focus-2.0.1.tgz",
			"integrity": "sha1-MjcExH2TtkD61ZmsZaDo3uWlBF8=",
			"dev": true,
			"requires": {
				"metal": "2.16.2",
				"metal-events": "2.16.2"
			}
		},
		"metal-list": {
			"version": "2.0.4",
			"resolved": "https://registry.npmjs.org/metal-list/-/metal-list-2.0.4.tgz",
			"integrity": "sha1-A4cIoyfMOkzuAahwgG6Ls0DToQI=",
			"dev": true,
			"requires": {
				"bootstrap": "3.3.7",
				"metal": "2.16.2",
				"metal-component": "2.16.3",
				"metal-dom": "2.16.2",
				"metal-soy": "2.16.4"
			}
		},
		"metal-position": {
			"version": "2.1.0",
			"resolved": "https://registry.npmjs.org/metal-position/-/metal-position-2.1.0.tgz",
			"integrity": "sha1-MdxzVhP55TznpTfhMCn8DpSP8IU=",
			"dev": true,
			"requires": {
				"metal": "2.16.2",
				"metal-dom": "2.16.2"
			}
		},
		"metal-promise": {
			"version": "2.0.1",
			"resolved": "https://registry.npmjs.org/metal-promise/-/metal-promise-2.0.1.tgz",
			"integrity": "sha1-KP9DIQ5MaeX/9R2/IB5K4v5vg9U=",
			"dev": true,
			"requires": {
				"metal": "2.16.2"
			}
		},
		"metal-reading-progress": {
			"version": "2.0.0",
			"resolved": "https://registry.npmjs.org/metal-reading-progress/-/metal-reading-progress-2.0.0.tgz",
			"integrity": "sha1-Kr93KnxznWJ5uQy5PeWC+lW5SA4=",
			"dev": true,
			"requires": {
				"metal-scrollspy": "2.0.0",
				"metal-soy": "2.16.4"
			}
		},
		"metal-scrollspy": {
			"version": "2.0.0",
			"resolved": "https://registry.npmjs.org/metal-scrollspy/-/metal-scrollspy-2.0.0.tgz",
			"integrity": "sha1-l7ISba+E4DzdjyeGmM4JA34cVHk=",
			"dev": true,
			"requires": {
				"bootstrap": "3.3.7",
				"metal": "2.16.2",
				"metal-dom": "2.16.2",
				"metal-position": "2.1.0",
				"metal-state": "2.16.2"
			}
		},
		"metal-soy": {
			"version": "2.16.4",
			"resolved": "https://registry.npmjs.org/metal-soy/-/metal-soy-2.16.4.tgz",
			"integrity": "sha512-XQN2wZlYyOVlVdcf468b5ouLlFTXxH1X0BB/zHcv8uW2C2FH7BDjKSPPWDGLj16dLCTxvpPbtT8yaP/2MB85Xg==",
			"dev": true,
			"requires": {
				"metal": "2.16.2",
				"metal-component": "2.16.3",
				"metal-dom": "2.16.2",
				"metal-incremental-dom": "2.16.4",
				"metal-soy-bundle": "2.16.4",
				"metal-state": "2.16.2"
			}
		},
		"metal-soy-bundle": {
			"version": "2.16.4",
			"resolved": "https://registry.npmjs.org/metal-soy-bundle/-/metal-soy-bundle-2.16.4.tgz",
			"integrity": "sha512-6tTMdL0n1QZ769wyBP55UNe4abobYl9Sd2X0vtNO3a+0iJtALYKNHNw2D0w7xD8kGSTo5YzHYI/Sw9HUr0MWpg==",
			"dev": true,
			"requires": {
				"metal-incremental-dom": "2.16.4"
			}
		},
		"metal-state": {
			"version": "2.16.2",
			"resolved": "https://registry.npmjs.org/metal-state/-/metal-state-2.16.2.tgz",
			"integrity": "sha512-LbGcFhHDrIpUTV9hdp6iZYp8wP2+RPdNdCcW5XxyyYDN2WucJwOIfi0JQp/JXGlkYV+2eTUAJbTLrKn+kFQVQQ==",
			"dev": true,
			"requires": {
				"metal": "2.16.2",
				"metal-events": "2.16.2"
			}
		},
		"metal-structs": {
			"version": "1.0.1",
			"resolved": "https://registry.npmjs.org/metal-structs/-/metal-structs-1.0.1.tgz",
			"integrity": "sha1-VIJy9xjunXKeMHm3Sj8SVBQ9t1s=",
			"dev": true,
			"requires": {
				"metal": "2.16.2"
			}
		},
		"metal-tabs": {
			"version": "2.3.1",
			"resolved": "https://registry.npmjs.org/metal-tabs/-/metal-tabs-2.3.1.tgz",
			"integrity": "sha512-xqt/bjzFt7ERsFwk39aaYeZBYcr5MEweXsiKHrloIXOtes8rG1rBEs0yrTjABXGDOa+EAMUERjpp7qyLBbvShQ==",
			"dev": true,
			"requires": {
				"metal-component": "2.16.3",
				"metal-keyboard-focus": "2.0.1",
				"metal-soy": "2.16.4"
			}
		},
		"metal-toggler": {
			"version": "2.3.0",
			"resolved": "https://registry.npmjs.org/metal-toggler/-/metal-toggler-2.3.0.tgz",
			"integrity": "sha512-kitJBmi7AJcIocANx8PekS9dhHajT98p8tdMKXcxsWLBGIlf0ZAg8jnO9mOpuUc3ILBrJvxxwWQLH0wo2xPO+Q==",
			"dev": true,
			"requires": {
				"bootstrap": "3.3.7",
				"metal": "2.16.2",
				"metal-dom": "2.16.2",
				"metal-events": "2.16.2",
				"metal-state": "2.16.2"
			}
		},
		"metal-tooltip": {
			"version": "2.0.3",
			"resolved": "https://registry.npmjs.org/metal-tooltip/-/metal-tooltip-2.0.3.tgz",
			"integrity": "sha1-FNJvszhgyB4A+DaWe0ivtdkQh1M=",
			"dev": true,
			"requires": {
				"bootstrap": "3.3.7",
				"metal": "2.16.2",
				"metal-component": "2.16.3",
				"metal-dom": "2.16.2",
				"metal-events": "2.16.2",
				"metal-position": "2.1.0",
				"metal-soy": "2.16.4"
			}
		},
		"metal-uri": {
			"version": "2.4.0",
			"resolved": "https://registry.npmjs.org/metal-uri/-/metal-uri-2.4.0.tgz",
			"integrity": "sha512-Fm2cYA8yKhK3Fz4rgajtYagqzYWrdsRTSnG2x6BAaMrQlmKB0s4gEdaxSlZ29XMlaur86D1DtTr9V1Pi0dDMjQ==",
			"dev": true,
			"requires": {
				"metal": "2.16.2",
				"metal-structs": "1.0.1",
				"path-browserify": "0.0.0",
				"url": "0.11.0"
			}
		},
		"path-browserify": {
			"version": "0.0.0",
			"resolved": "https://registry.npmjs.org/path-browserify/-/path-browserify-0.0.0.tgz",
			"integrity": "sha1-oLhwcpquIUAFt9UDLsLLuw+0RRo=",
			"dev": true
		},
		"punycode": {
			"version": "1.3.2",
			"resolved": "https://registry.npmjs.org/punycode/-/punycode-1.3.2.tgz",
			"integrity": "sha1-llOgNvt8HuQjQvIyXM7v6jkmxI0=",
			"dev": true
		},
		"querystring": {
			"version": "0.2.0",
			"resolved": "https://registry.npmjs.org/querystring/-/querystring-0.2.0.tgz",
			"integrity": "sha1-sgmEkgO7Jd+CDadW50cAWHhSFiA=",
			"dev": true
		},
		"url": {
			"version": "0.11.0",
			"resolved": "https://registry.npmjs.org/url/-/url-0.11.0.tgz",
			"integrity": "sha1-ODjpfPxgUh63PFJajlW/3Z4uKPE=",
			"dev": true,
			"requires": {
				"punycode": "1.3.2",
				"querystring": "0.2.0"
			}
		}
	}
}
